
Microsoft Visual Studio Solution File, Format Version 12.00
# Visual Studio Version 16
VisualStudioVersion = 16.0.28729.10
MinimumVisualStudioVersion = 10.0.40219.1
Project("{9A19103F-16F7-4668-BE54-9A1E7A4F7556}") = "CodeGolf", "CodeGolf\CodeGolf.csproj", "{3D71A310-47D6-4298-9504-3673A59FF19E}"
EndProject
Project("{9A19103F-16F7-4668-BE54-9A1E7A4F7556}") = "CodeGolf.Unit.Test", "Tests\CodeGolf.Unit.Test\CodeGolf.Unit.Test.csproj", "{D021F1A6-4578-4A97-85E2-AF272912BD90}"
EndProject
Project("{2150E333-8FDC-42A3-9474-1A3956D46DE8}") = "Test", "Test", "{C6B72B8F-FFBE-4498-9ED5-6C7849166D73}"
EndProject
Project("{9A19103F-16F7-4668-BE54-9A1E7A4F7556}") = "CodeGolf.Web", "CodeGolf.Web\CodeGolf.Web.csproj", "{EDFDE8AA-C57A-4A72-B58B-E66D2C68875D}"
EndProject
Global
	GlobalSection(SolutionConfigurationPlatforms) = preSolution
		Debug|Any CPU = Debug|Any CPU
		Release|Any CPU = Release|Any CPU
	EndGlobalSection
	GlobalSection(ProjectConfigurationPlatforms) = postSolution
		{3D71A310-47D6-4298-9504-3673A59FF19E}.Debug|Any CPU.ActiveCfg = Debug|Any CPU
		{3D71A310-47D6-4298-9504-3673A59FF19E}.Debug|Any CPU.Build.0 = Debug|Any CPU
		{3D71A310-47D6-4298-9504-3673A59FF19E}.Release|Any CPU.ActiveCfg = Release|Any CPU
		{3D71A310-47D6-4298-9504-3673A59FF19E}.Release|Any CPU.Build.0 = Release|Any CPU
		{D021F1A6-4578-4A97-85E2-AF272912BD90}.Debug|Any CPU.ActiveCfg = Debug|Any CPU
		{D021F1A6-4578-4A97-85E2-AF272912BD90}.Debug|Any CPU.Build.0 = Debug|Any CPU
		{D021F1A6-4578-4A97-85E2-AF272912BD90}.Release|Any CPU.ActiveCfg = Release|Any CPU
		{D021F1A6-4578-4A97-85E2-AF272912BD90}.Release|Any CPU.Build.0 = Release|Any CPU
		{EDFDE8AA-C57A-4A72-B58B-E66D2C68875D}.Debug|Any CPU.ActiveCfg = Debug|Any CPU
		{EDFDE8AA-C57A-4A72-B58B-E66D2C68875D}.Debug|Any CPU.Build.0 = Debug|Any CPU
		{EDFDE8AA-C57A-4A72-B58B-E66D2C68875D}.Release|Any CPU.ActiveCfg = Release|Any CPU
		{EDFDE8AA-C57A-4A72-B58B-E66D2C68875D}.Release|Any CPU.Build.0 = Release|Any CPU
	EndGlobalSection
	GlobalSection(SolutionProperties) = preSolution
		HideSolutionNode = FALSE
	EndGlobalSection
	GlobalSection(NestedProjects) = preSolution
		{D021F1A6-4578-4A97-85E2-AF272912BD90} = {C6B72B8F-FFBE-4498-9ED5-6C7849166D73}
	EndGlobalSection
	GlobalSection(ExtensibilityGlobals) = postSolution
		SolutionGuid = {DEE59748-BC83-47EC-9F1D-B56E05CF3EC5}
	EndGlobalSection
EndGlobal
